
Microsoft Visual Studio Solution File, Format Version 12.00
# Visual Studio Version 16
VisualStudioVersion = 16.0.32002.261
MinimumVisualStudioVersion = 10.0.40219.1
Project("{FAE04EC0-301F-11D3-BF4B-00C04F79EFBC}") = "PremierLeague3", "PremierLeague3.csproj", "{9D364A32-B780-40C5-857D-8C69E4F71830}"
EndProject
Global
	GlobalSection(SolutionConfigurationPlatforms) = preSolution
		Debug|Any CPU = Debug|Any CPU
		Release|Any CPU = Release|Any CPU
	EndGlobalSection
	GlobalSection(ProjectConfigurationPlatforms) = postSolution
		{9D364A32-B780-40C5-857D-8C69E4F71830}.Debug|Any CPU.ActiveCfg = Debug|Any CPU
		{9D364A32-B780-40C5-857D-8C69E4F71830}.Debug|Any CPU.Build.0 = Debug|Any CPU
		{9D364A32-B780-40C5-857D-8C69E4F71830}.Release|Any CPU.ActiveCfg = Release|Any CPU
		{9D364A32-B780-40C5-857D-8C69E4F71830}.Release|Any CPU.Build.0 = Release|Any CPU
	EndGlobalSection
	GlobalSection(SolutionProperties) = preSolution
		HideSolutionNode = FALSE
	EndGlobalSection
	GlobalSection(ExtensibilityGlobals) = postSolution
		SolutionGuid = {AF0F7206-019D-4891-8A4E-569194767BFB}
	EndGlobalSection
EndGlobal
